# This file is autogenerated, do not edit; changes may be undone by the next 'dep ensure'.


[[projects]]
  branch = "ci-fixes"
  name = "github.com/vishvananda/netlink"
  packages = [
    ".",
    "nl"
  ]
  revision = "a98f31ffc7e9a462941bb5dfbb0f8a34e83eb1bf"

[solve-meta]
  analyzer-name = "dep"
  analyzer-version = 1
  inputs-digest = "1963072b74ba25005b0d8bd508091c879a5ef441dfd2fe07fbe749b120dcfdf1"
  solver-name = "gps-cdcl"
  solver-version = 1
